
Microsoft Visual Studio Solution File, Format Version 12.00
# Visual Studio 2013
VisualStudioVersion = 12.0.21005.1
MinimumVisualStudioVersion = 10.0.40219.1
Project("{FAE04EC0-301F-11D3-BF4B-00C04F79EFBC}") = "PortableMD5", "PortableMD5\PortableMD5.csproj", "{1B9EC133-421D-488D-91A6-6693016C8464}"
EndProject
Project("{FAE04EC0-301F-11D3-BF4B-00C04F79EFBC}") = "MD5ConsoleTest", "MD5ConsoleTest\MD5ConsoleTest.csproj", "{35F2A216-EAB2-4780-8DA5-100980E8D09A}"
EndProject
Global
	GlobalSection(SolutionConfigurationPlatforms) = preSolution
		Debug|Any CPU = Debug|Any CPU
		Release|Any CPU = Release|Any CPU
	EndGlobalSection
	GlobalSection(ProjectConfigurationPlatforms) = postSolution
		{1B9EC133-421D-488D-91A6-6693016C8464}.Debug|Any CPU.ActiveCfg = Debug|Any CPU
		{1B9EC133-421D-488D-91A6-6693016C8464}.Debug|Any CPU.Build.0 = Debug|Any CPU
		{1B9EC133-421D-488D-91A6-6693016C8464}.Release|Any CPU.ActiveCfg = Release|Any CPU
		{1B9EC133-421D-488D-91A6-6693016C8464}.Release|Any CPU.Build.0 = Release|Any CPU
		{35F2A216-EAB2-4780-8DA5-100980E8D09A}.Debug|Any CPU.ActiveCfg = Debug|Any CPU
		{35F2A216-EAB2-4780-8DA5-100980E8D09A}.Debug|Any CPU.Build.0 = Debug|Any CPU
		{35F2A216-EAB2-4780-8DA5-100980E8D09A}.Release|Any CPU.ActiveCfg = Release|Any CPU
		{35F2A216-EAB2-4780-8DA5-100980E8D09A}.Release|Any CPU.Build.0 = Release|Any CPU
	EndGlobalSection
	GlobalSection(SolutionProperties) = preSolution
		HideSolutionNode = FALSE
	EndGlobalSection
EndGlobal
